Microsoft Visual Studio Solution File, Format Version 12.00
# Visual Studio Version 17
VisualStudioVersion = 17.0.31903.59
MinimumVisualStudioVersion = 10.0.40219.1
Project("{8BC9CEB8-8B4A-11D0-8D11-00A0C91BC942}") = "nyanvdd", "driver\nyanvdd.vcxproj", "{71CAA9D4-E756-456F-97C3-795C8FA722EB}"
EndProject
Project("{8BC9CEB8-8B4A-11D0-8D11-00A0C91BC942}") = "nyanvddctl", "cli\nyanvddctl.vcxproj", "{F860974F-B280-4D1E-B585-5364BB8D8058}"
EndProject
Global
	GlobalSection(SolutionConfigurationPlatforms) = preSolution
		Debug|x64 = Debug|x64
		Release|x64 = Release|x64
	EndGlobalSection
	GlobalSection(ProjectConfigurationPlatforms) = postSolution
		{71CAA9D4-E756-456F-97C3-795C8FA722EB}.Debug|x64.ActiveCfg = Debug|x64
		{71CAA9D4-E756-456F-97C3-795C8FA722EB}.Debug|x64.Build.0 = Debug|x64
		{71CAA9D4-E756-456F-97C3-795C8FA722EB}.Release|x64.ActiveCfg = Release|x64
		{71CAA9D4-E756-456F-97C3-795C8FA722EB}.Release|x64.Build.0 = Release|x64
		{F860974F-B280-4D1E-B585-5364BB8D8058}.Debug|x64.ActiveCfg = Debug|x64
		{F860974F-B280-4D1E-B585-5364BB8D8058}.Debug|x64.Build.0 = Debug|x64
		{F860974F-B280-4D1E-B585-5364BB8D8058}.Release|x64.ActiveCfg = Release|x64
		{F860974F-B280-4D1E-B585-5364BB8D8058}.Release|x64.Build.0 = Release|x64
	EndGlobalSection
	GlobalSection(SolutionProperties) = preSolution
		HideSolutionNode = FALSE
	EndGlobalSection
EndGlobal
